
Microsoft Visual Studio Solution File, Format Version 12.00
# Visual Studio Version 16
VisualStudioVersion = 16.0.30011.22
MinimumVisualStudioVersion = 10.0.40219.1
Project("{2150E333-8FDC-42A3-9474-1A3956D46DE8}") = "c", "c", "{5AA7BB62-58D2-4A61-B02D-784F5173F7F5}"
	ProjectSection(SolutionItems) = preProject
		c\cdc-acm.c = c\cdc-acm.c
		c\hid-keyboard.c = c\hid-keyboard.c
		c\hid-mouse.c = c\hid-mouse.c
		c\LICENSE = c\LICENSE
		c\Makefile = c\Makefile
		c\Makefile.cross = c\Makefile.cross
		c\usbip.c = c\usbip.c
		c\usbip.h = c\usbip.h
	EndProjectSection
EndProject
Project("{2150E333-8FDC-42A3-9474-1A3956D46DE8}") = "doc", "doc", "{4188474D-D08F-43E6-AADA-6BE60A5C1F0E}"
	ProjectSection(SolutionItems) = preProject
		doc\usbip_protocol.txt = doc\usbip_protocol.txt
	EndProjectSection
EndProject
Project("{2150E333-8FDC-42A3-9474-1A3956D46DE8}") = "python", "python", "{9935C366-F7E2-4722-9C8E-930272DF285B}"
	ProjectSection(SolutionItems) = preProject
		python\hid-keyboard.py = python\hid-keyboard.py
		python\hid-mouse.py = python\hid-mouse.py
		python\LICENSE = python\LICENSE
		python\USBIP.py = python\USBIP.py
	EndProjectSection
EndProject
Project("{2150E333-8FDC-42A3-9474-1A3956D46DE8}") = "windows", "windows", "{32653715-D662-401C-A726-96A3C817BAD7}"
EndProject
Project("{8BC9CEB8-8B4A-11D0-8D11-00A0C91BC942}") = "hid-keyboard", "windows\hid-keyboard\hid-keyboard.vcxproj", "{2995ECC8-829E-4B56-889F-F7DEDD4BC867}"
EndProject
Project("{2150E333-8FDC-42A3-9474-1A3956D46DE8}") = "dotnet", "dotnet", "{0642822B-05D9-42AC-A02E-D5F0BD2BD988}"
EndProject
Project("{9A19103F-16F7-4668-BE54-9A1E7A4F7556}") = "UsbipDevice", "dotnet\UsbipDevice\UsbipDevice.csproj", "{38AB8F4B-60A8-4B95-BAB6-4A767E324952}"
EndProject
Project("{9A19103F-16F7-4668-BE54-9A1E7A4F7556}") = "cs-hid-keyboard", "dotnet\cs-hid-keyboard\cs-hid-keyboard.csproj", "{1C883DD1-3A00-4655-83A1-B562C8212919}"
EndProject
Project("{2150E333-8FDC-42A3-9474-1A3956D46DE8}") = "ExternalDepends", "ExternalDepends", "{6CD32CE8-A34F-4922-AB4E-73373749CD7F}"
	ProjectSection(SolutionItems) = preProject
		windows\ExternalDepends\usbip.exe = windows\ExternalDepends\usbip.exe
	EndProjectSection
EndProject
Project("{9A19103F-16F7-4668-BE54-9A1E7A4F7556}") = "cs-hid-mouse", "dotnet\cs-hid-mouse\cs-hid-mouse.csproj", "{ECDBFF3E-84B6-49EB-AC5A-C886B999E215}"
EndProject
Project("{FAE04EC0-301F-11D3-BF4B-00C04F79EFBC}") = "cs-hid-keyboardmouse", "dotnet\cs-hid-keyboardmouse\cs-hid-keyboardmouse.csproj", "{BD44C9C0-FFFB-4667-8709-BBFE6C0B5F07}"
EndProject
Global
	GlobalSection(SolutionConfigurationPlatforms) = preSolution
		Debug|Any CPU = Debug|Any CPU
		Debug|x64 = Debug|x64
		Debug|x86 = Debug|x86
		Release|Any CPU = Release|Any CPU
		Release|x64 = Release|x64
		Release|x86 = Release|x86
	EndGlobalSection
	GlobalSection(ProjectConfigurationPlatforms) = postSolution
		{2995ECC8-829E-4B56-889F-F7DEDD4BC867}.Debug|Any CPU.ActiveCfg = Debug|Win32
		{2995ECC8-829E-4B56-889F-F7DEDD4BC867}.Debug|x64.ActiveCfg = Debug|x64
		{2995ECC8-829E-4B56-889F-F7DEDD4BC867}.Debug|x64.Build.0 = Debug|x64
		{2995ECC8-829E-4B56-889F-F7DEDD4BC867}.Debug|x86.ActiveCfg = Debug|Win32
		{2995ECC8-829E-4B56-889F-F7DEDD4BC867}.Debug|x86.Build.0 = Debug|Win32
		{2995ECC8-829E-4B56-889F-F7DEDD4BC867}.Release|Any CPU.ActiveCfg = Release|Win32
		{2995ECC8-829E-4B56-889F-F7DEDD4BC867}.Release|x64.ActiveCfg = Release|x64
		{2995ECC8-829E-4B56-889F-F7DEDD4BC867}.Release|x64.Build.0 = Release|x64
		{2995ECC8-829E-4B56-889F-F7DEDD4BC867}.Release|x86.ActiveCfg = Release|Win32
		{2995ECC8-829E-4B56-889F-F7DEDD4BC867}.Release|x86.Build.0 = Release|Win32
		{38AB8F4B-60A8-4B95-BAB6-4A767E324952}.Debug|Any CPU.ActiveCfg = Debug|Any CPU
		{38AB8F4B-60A8-4B95-BAB6-4A767E324952}.Debug|Any CPU.Build.0 = Debug|Any CPU
		{38AB8F4B-60A8-4B95-BAB6-4A767E324952}.Debug|x64.ActiveCfg = Debug|Any CPU
		{38AB8F4B-60A8-4B95-BAB6-4A767E324952}.Debug|x64.Build.0 = Debug|Any CPU
		{38AB8F4B-60A8-4B95-BAB6-4A767E324952}.Debug|x86.ActiveCfg = Debug|Any CPU
		{38AB8F4B-60A8-4B95-BAB6-4A767E324952}.Debug|x86.Build.0 = Debug|Any CPU
		{38AB8F4B-60A8-4B95-BAB6-4A767E324952}.Release|Any CPU.ActiveCfg = Release|Any CPU
		{38AB8F4B-60A8-4B95-BAB6-4A767E324952}.Release|Any CPU.Build.0 = Release|Any CPU
		{38AB8F4B-60A8-4B95-BAB6-4A767E324952}.Release|x64.ActiveCfg = Release|Any CPU
		{38AB8F4B-60A8-4B95-BAB6-4A767E324952}.Release|x64.Build.0 = Release|Any CPU
		{38AB8F4B-60A8-4B95-BAB6-4A767E324952}.Release|x86.ActiveCfg = Release|Any CPU
		{38AB8F4B-60A8-4B95-BAB6-4A767E324952}.Release|x86.Build.0 = Release|Any CPU
		{1C883DD1-3A00-4655-83A1-B562C8212919}.Debug|Any CPU.ActiveCfg = Debug|Any CPU
		{1C883DD1-3A00-4655-83A1-B562C8212919}.Debug|Any CPU.Build.0 = Debug|Any CPU
		{1C883DD1-3A00-4655-83A1-B562C8212919}.Debug|x64.ActiveCfg = Debug|Any CPU
		{1C883DD1-3A00-4655-83A1-B562C8212919}.Debug|x64.Build.0 = Debug|Any CPU
		{1C883DD1-3A00-4655-83A1-B562C8212919}.Debug|x86.ActiveCfg = Debug|Any CPU
		{1C883DD1-3A00-4655-83A1-B562C8212919}.Debug|x86.Build.0 = Debug|Any CPU
		{1C883DD1-3A00-4655-83A1-B562C8212919}.Release|Any CPU.ActiveCfg = Release|Any CPU
		{1C883DD1-3A00-4655-83A1-B562C8212919}.Release|Any CPU.Build.0 = Release|Any CPU
		{1C883DD1-3A00-4655-83A1-B562C8212919}.Release|x64.ActiveCfg = Release|Any CPU
		{1C883DD1-3A00-4655-83A1-B562C8212919}.Release|x64.Build.0 = Release|Any CPU
		{1C883DD1-3A00-4655-83A1-B562C8212919}.Release|x86.ActiveCfg = Release|Any CPU
		{1C883DD1-3A00-4655-83A1-B562C8212919}.Release|x86.Build.0 = Release|Any CPU
		{ECDBFF3E-84B6-49EB-AC5A-C886B999E215}.Debug|Any CPU.ActiveCfg = Debug|Any CPU
		{ECDBFF3E-84B6-49EB-AC5A-C886B999E215}.Debug|Any CPU.Build.0 = Debug|Any CPU
		{ECDBFF3E-84B6-49EB-AC5A-C886B999E215}.Debug|x64.ActiveCfg = Debug|Any CPU
		{ECDBFF3E-84B6-49EB-AC5A-C886B999E215}.Debug|x64.Build.0 = Debug|Any CPU
		{ECDBFF3E-84B6-49EB-AC5A-C886B999E215}.Debug|x86.ActiveCfg = Debug|Any CPU
		{ECDBFF3E-84B6-49EB-AC5A-C886B999E215}.Debug|x86.Build.0 = Debug|Any CPU
		{ECDBFF3E-84B6-49EB-AC5A-C886B999E215}.Release|Any CPU.ActiveCfg = Release|Any CPU
		{ECDBFF3E-84B6-49EB-AC5A-C886B999E215}.Release|Any CPU.Build.0 = Release|Any CPU
		{ECDBFF3E-84B6-49EB-AC5A-C886B999E215}.Release|x64.ActiveCfg = Release|Any CPU
		{ECDBFF3E-84B6-49EB-AC5A-C886B999E215}.Release|x64.Build.0 = Release|Any CPU
		{ECDBFF3E-84B6-49EB-AC5A-C886B999E215}.Release|x86.ActiveCfg = Release|Any CPU
		{ECDBFF3E-84B6-49EB-AC5A-C886B999E215}.Release|x86.Build.0 = Release|Any CPU
		{BD44C9C0-FFFB-4667-8709-BBFE6C0B5F07}.Debug|Any CPU.ActiveCfg = Debug|Any CPU
		{BD44C9C0-FFFB-4667-8709-BBFE6C0B5F07}.Debug|Any CPU.Build.0 = Debug|Any CPU
		{BD44C9C0-FFFB-4667-8709-BBFE6C0B5F07}.Debug|x64.ActiveCfg = Debug|Any CPU
		{BD44C9C0-FFFB-4667-8709-BBFE6C0B5F07}.Debug|x64.Build.0 = Debug|Any CPU
		{BD44C9C0-FFFB-4667-8709-BBFE6C0B5F07}.Debug|x86.ActiveCfg = Debug|Any CPU
		{BD44C9C0-FFFB-4667-8709-BBFE6C0B5F07}.Debug|x86.Build.0 = Debug|Any CPU
		{BD44C9C0-FFFB-4667-8709-BBFE6C0B5F07}.Release|Any CPU.ActiveCfg = Release|Any CPU
		{BD44C9C0-FFFB-4667-8709-BBFE6C0B5F07}.Release|Any CPU.Build.0 = Release|Any CPU
		{BD44C9C0-FFFB-4667-8709-BBFE6C0B5F07}.Release|x64.ActiveCfg = Release|Any CPU
		{BD44C9C0-FFFB-4667-8709-BBFE6C0B5F07}.Release|x64.Build.0 = Release|Any CPU
		{BD44C9C0-FFFB-4667-8709-BBFE6C0B5F07}.Release|x86.ActiveCfg = Release|Any CPU
		{BD44C9C0-FFFB-4667-8709-BBFE6C0B5F07}.Release|x86.Build.0 = Release|Any CPU
	EndGlobalSection
	GlobalSection(SolutionProperties) = preSolution
		HideSolutionNode = FALSE
	EndGlobalSection
	GlobalSection(NestedProjects) = preSolution
		{2995ECC8-829E-4B56-889F-F7DEDD4BC867} = {32653715-D662-401C-A726-96A3C817BAD7}
		{38AB8F4B-60A8-4B95-BAB6-4A767E324952} = {0642822B-05D9-42AC-A02E-D5F0BD2BD988}
		{1C883DD1-3A00-4655-83A1-B562C8212919} = {0642822B-05D9-42AC-A02E-D5F0BD2BD988}
		{6CD32CE8-A34F-4922-AB4E-73373749CD7F} = {32653715-D662-401C-A726-96A3C817BAD7}
		{ECDBFF3E-84B6-49EB-AC5A-C886B999E215} = {0642822B-05D9-42AC-A02E-D5F0BD2BD988}
		{BD44C9C0-FFFB-4667-8709-BBFE6C0B5F07} = {0642822B-05D9-42AC-A02E-D5F0BD2BD988}
	EndGlobalSection
	GlobalSection(ExtensibilityGlobals) = postSolution
		SolutionGuid = {BC456B2A-C338-465A-B103-99BFC13E70D8}
	EndGlobalSection
EndGlobal
